
Microsoft Visual Studio Solution File, Format Version 12.00
# Visual Studio Version 17
VisualStudioVersion = 17.3.32922.545
MinimumVisualStudioVersion = 10.0.40219.1
Project("{FAE04EC0-301F-11D3-BF4B-00C04F79EFBC}") = "WordDocumentBuilder", "WordDocumentBuilder.csproj", "{84ABEDE7-FF8C-4EED-970C-932EDDCDAB69}"
EndProject
Project("{FAE04EC0-301F-11D3-BF4B-00C04F79EFBC}") = "WDB_GUI_NET_4_8", "..\WDB_GUI_NET_4_8\WDB_GUI_NET_4_8.csproj", "{B780071C-7F83-4E49-911A-C73C1B491A48}"
EndProject
Global
	GlobalSection(SolutionConfigurationPlatforms) = preSolution
		Debug|Any CPU = Debug|Any CPU
		Release|Any CPU = Release|Any CPU
	EndGlobalSection
	GlobalSection(ProjectConfigurationPlatforms) = postSolution
		{84ABEDE7-FF8C-4EED-970C-932EDDCDAB69}.Debug|Any CPU.ActiveCfg = Debug|Any CPU
		{84ABEDE7-FF8C-4EED-970C-932EDDCDAB69}.Debug|Any CPU.Build.0 = Debug|Any CPU
		{84ABEDE7-FF8C-4EED-970C-932EDDCDAB69}.Release|Any CPU.ActiveCfg = Release|Any CPU
		{84ABEDE7-FF8C-4EED-970C-932EDDCDAB69}.Release|Any CPU.Build.0 = Release|Any CPU
		{B780071C-7F83-4E49-911A-C73C1B491A48}.Debug|Any CPU.ActiveCfg = Debug|Any CPU
		{B780071C-7F83-4E49-911A-C73C1B491A48}.Debug|Any CPU.Build.0 = Debug|Any CPU
		{B780071C-7F83-4E49-911A-C73C1B491A48}.Release|Any CPU.ActiveCfg = Release|Any CPU
		{B780071C-7F83-4E49-911A-C73C1B491A48}.Release|Any CPU.Build.0 = Release|Any CPU
	EndGlobalSection
	GlobalSection(SolutionProperties) = preSolution
		HideSolutionNode = FALSE
	EndGlobalSection
	GlobalSection(ExtensibilityGlobals) = postSolution
		SolutionGuid = {04BD2F72-20B7-46BB-9108-385000A759F5}
	EndGlobalSection
EndGlobal
